
Microsoft Visual Studio Solution File, Format Version 12.00
# Visual Studio Version 17
VisualStudioVersion = 17.5.002.0
MinimumVisualStudioVersion = 10.0.40219.1
Project("{2150E333-8FDC-42A3-9474-1A3956D46DE8}") = "csharp-prep", "csharp-prep", "{90134B27-EAA9-4BA3-90A4-38D95FBBA17D}"
EndProject
Project("{9A19103F-16F7-4668-BE54-9A1E7A4F7556}") = "Prep1", "csharp-prep\Prep1\Prep1.csproj", "{9101F773-B120-4164-AE3B-2D6995DF7738}"
EndProject
Project("{9A19103F-16F7-4668-BE54-9A1E7A4F7556}") = "Prep2", "csharp-prep\Prep2\Prep2.csproj", "{70756F4D-C48E-41C0-A2D8-0CEDE018EA3F}"
EndProject
Project("{9A19103F-16F7-4668-BE54-9A1E7A4F7556}") = "Prep3", "csharp-prep\Prep3\Prep3.csproj", "{911B85A1-49AE-4739-8DA3-D486D04B3AF3}"
EndProject
Project("{9A19103F-16F7-4668-BE54-9A1E7A4F7556}") = "Prep4", "csharp-prep\Prep4\Prep4.csproj", "{41EE667B-1879-4297-846B-A8ADA0222E0C}"
EndProject
Project("{9A19103F-16F7-4668-BE54-9A1E7A4F7556}") = "Prep5", "csharp-prep\Prep5\Prep5.csproj", "{6D1E27E5-3E31-4376-A41C-3C3B636B605C}"
EndProject
Project("{2150E333-8FDC-42A3-9474-1A3956D46DE8}") = "final", "final", "{207D9BE6-BBF6-4B91-BB8A-5405DB8905A5}"
EndProject
Project("{9A19103F-16F7-4668-BE54-9A1E7A4F7556}") = "FinalProject", "final\FinalProject\FinalProject.csproj", "{FED2B6D1-D9BA-46D2-B182-422FCDAFD712}"
EndProject
Project("{9A19103F-16F7-4668-BE54-9A1E7A4F7556}") = "Foundation1", "final\Foundation1\Foundation1.csproj", "{2CD0E916-CC95-445C-B093-068F916B70DE}"
EndProject
Project("{9A19103F-16F7-4668-BE54-9A1E7A4F7556}") = "Foundation2", "final\Foundation2\Foundation2.csproj", "{C96F3C57-6BF7-45B4-B54E-45BE62C6F532}"
EndProject
Project("{9A19103F-16F7-4668-BE54-9A1E7A4F7556}") = "Foundation3", "final\Foundation3\Foundation3.csproj", "{D28886A2-B243-48B2-A1CC-B33B1EA4D3FE}"
EndProject
Project("{9A19103F-16F7-4668-BE54-9A1E7A4F7556}") = "Foundation4", "final\Foundation4\Foundation4.csproj", "{8095AE5D-45F7-4100-851C-1EEF7642E3F7}"
EndProject
Project("{2150E333-8FDC-42A3-9474-1A3956D46DE8}") = "prepare", "prepare", "{62C4E3D9-F3F7-4189-BE44-50538EA3F0ED}"
EndProject
Project("{9A19103F-16F7-4668-BE54-9A1E7A4F7556}") = "Learning02", "prepare\Learning02\Learning02.csproj", "{76FCA56A-BFED-4110-83D5-E89AD182C25A}"
EndProject
Project("{9A19103F-16F7-4668-BE54-9A1E7A4F7556}") = "Learning03", "prepare\Learning03\Learning03.csproj", "{79B0ED0E-5F55-4352-941C-7BA02434B568}"
EndProject
Project("{9A19103F-16F7-4668-BE54-9A1E7A4F7556}") = "Learning04", "prepare\Learning04\Learning04.csproj", "{06E7641A-8167-4018-83F4-3F355FDD6A0A}"
EndProject
Project("{9A19103F-16F7-4668-BE54-9A1E7A4F7556}") = "Learning05", "prepare\Learning05\Learning05.csproj", "{27A68D6C-BD44-454E-A360-ABFD23741765}"
EndProject
Project("{2150E333-8FDC-42A3-9474-1A3956D46DE8}") = "prove", "prove", "{ECBF2A85-7A23-45DB-82C0-3502D9DBF4A8}"
EndProject
Project("{9A19103F-16F7-4668-BE54-9A1E7A4F7556}") = "Develop02", "prove\Develop02\Develop02.csproj", "{DEE0BFBD-7493-4EC9-9034-48C7EBCE423C}"
EndProject
Project("{9A19103F-16F7-4668-BE54-9A1E7A4F7556}") = "Develop03", "prove\Develop03\Develop03.csproj", "{3E4D8E36-50FA-4EE8-9788-F6FE46E6D2C9}"
EndProject
Project("{9A19103F-16F7-4668-BE54-9A1E7A4F7556}") = "Develop04", "prove\Develop04\Develop04.csproj", "{D2174211-B7E5-4CE2-9CC0-8375D3776BA6}"
EndProject
Project("{9A19103F-16F7-4668-BE54-9A1E7A4F7556}") = "Develop05", "prove\Develop05\Develop05.csproj", "{A2D68DA3-537F-41FD-A797-7DB6667EADCB}"
EndProject
Project("{2150E333-8FDC-42A3-9474-1A3956D46DE8}") = "sandbox", "sandbox", "{34032DCC-4BFA-4071-8816-A32F3F54DBE7}"
EndProject
Project("{9A19103F-16F7-4668-BE54-9A1E7A4F7556}") = "Sandbox", "sandbox\Sandbox\Sandbox.csproj", "{BEBE8903-59AA-48DE-9A0B-F26FEBC36872}"
EndProject
Global
	GlobalSection(SolutionConfigurationPlatforms) = preSolution
		Debug|Any CPU = Debug|Any CPU
		Release|Any CPU = Release|Any CPU
	EndGlobalSection
	GlobalSection(ProjectConfigurationPlatforms) = postSolution
		{9101F773-B120-4164-AE3B-2D6995DF7738}.Debug|Any CPU.ActiveCfg = Debug|Any CPU
		{9101F773-B120-4164-AE3B-2D6995DF7738}.Debug|Any CPU.Build.0 = Debug|Any CPU
		{9101F773-B120-4164-AE3B-2D6995DF7738}.Release|Any CPU.ActiveCfg = Release|Any CPU
		{9101F773-B120-4164-AE3B-2D6995DF7738}.Release|Any CPU.Build.0 = Release|Any CPU
		{70756F4D-C48E-41C0-A2D8-0CEDE018EA3F}.Debug|Any CPU.ActiveCfg = Debug|Any CPU
		{70756F4D-C48E-41C0-A2D8-0CEDE018EA3F}.Debug|Any CPU.Build.0 = Debug|Any CPU
		{70756F4D-C48E-41C0-A2D8-0CEDE018EA3F}.Release|Any CPU.ActiveCfg = Release|Any CPU
		{70756F4D-C48E-41C0-A2D8-0CEDE018EA3F}.Release|Any CPU.Build.0 = Release|Any CPU
		{911B85A1-49AE-4739-8DA3-D486D04B3AF3}.Debug|Any CPU.ActiveCfg = Debug|Any CPU
		{911B85A1-49AE-4739-8DA3-D486D04B3AF3}.Debug|Any CPU.Build.0 = Debug|Any CPU
		{911B85A1-49AE-4739-8DA3-D486D04B3AF3}.Release|Any CPU.ActiveCfg = Release|Any CPU
		{911B85A1-49AE-4739-8DA3-D486D04B3AF3}.Release|Any CPU.Build.0 = Release|Any CPU
		{41EE667B-1879-4297-846B-A8ADA0222E0C}.Debug|Any CPU.ActiveCfg = Debug|Any CPU
		{41EE667B-1879-4297-846B-A8ADA0222E0C}.Debug|Any CPU.Build.0 = Debug|Any CPU
		{41EE667B-1879-4297-846B-A8ADA0222E0C}.Release|Any CPU.ActiveCfg = Release|Any CPU
		{41EE667B-1879-4297-846B-A8ADA0222E0C}.Release|Any CPU.Build.0 = Release|Any CPU
		{6D1E27E5-3E31-4376-A41C-3C3B636B605C}.Debug|Any CPU.ActiveCfg = Debug|Any CPU
		{6D1E27E5-3E31-4376-A41C-3C3B636B605C}.Debug|Any CPU.Build.0 = Debug|Any CPU
		{6D1E27E5-3E31-4376-A41C-3C3B636B605C}.Release|Any CPU.ActiveCfg = Release|Any CPU
		{6D1E27E5-3E31-4376-A41C-3C3B636B605C}.Release|Any CPU.Build.0 = Release|Any CPU
		{FED2B6D1-D9BA-46D2-B182-422FCDAFD712}.Debug|Any CPU.ActiveCfg = Debug|Any CPU
		{FED2B6D1-D9BA-46D2-B182-422FCDAFD712}.Debug|Any CPU.Build.0 = Debug|Any CPU
		{FED2B6D1-D9BA-46D2-B182-422FCDAFD712}.Release|Any CPU.ActiveCfg = Release|Any CPU
		{FED2B6D1-D9BA-46D2-B182-422FCDAFD712}.Release|Any CPU.Build.0 = Release|Any CPU
		{2CD0E916-CC95-445C-B093-068F916B70DE}.Debug|Any CPU.ActiveCfg = Debug|Any CPU
		{2CD0E916-CC95-445C-B093-068F916B70DE}.Debug|Any CPU.Build.0 = Debug|Any CPU
		{2CD0E916-CC95-445C-B093-068F916B70DE}.Release|Any CPU.ActiveCfg = Release|Any CPU
		{2CD0E916-CC95-445C-B093-068F916B70DE}.Release|Any CPU.Build.0 = Release|Any CPU
		{C96F3C57-6BF7-45B4-B54E-45BE62C6F532}.Debug|Any CPU.ActiveCfg = Debug|Any CPU
		{C96F3C57-6BF7-45B4-B54E-45BE62C6F532}.Debug|Any CPU.Build.0 = Debug|Any CPU
		{C96F3C57-6BF7-45B4-B54E-45BE62C6F532}.Release|Any CPU.ActiveCfg = Release|Any CPU
		{C96F3C57-6BF7-45B4-B54E-45BE62C6F532}.Release|Any CPU.Build.0 = Release|Any CPU
		{D28886A2-B243-48B2-A1CC-B33B1EA4D3FE}.Debug|Any CPU.ActiveCfg = Debug|Any CPU
		{D28886A2-B243-48B2-A1CC-B33B1EA4D3FE}.Debug|Any CPU.Build.0 = Debug|Any CPU
		{D28886A2-B243-48B2-A1CC-B33B1EA4D3FE}.Release|Any CPU.ActiveCfg = Release|Any CPU
		{D28886A2-B243-48B2-A1CC-B33B1EA4D3FE}.Release|Any CPU.Build.0 = Release|Any CPU
		{8095AE5D-45F7-4100-851C-1EEF7642E3F7}.Debug|Any CPU.ActiveCfg = Debug|Any CPU
		{8095AE5D-45F7-4100-851C-1EEF7642E3F7}.Debug|Any CPU.Build.0 = Debug|Any CPU
		{8095AE5D-45F7-4100-851C-1EEF7642E3F7}.Release|Any CPU.ActiveCfg = Release|Any CPU
		{8095AE5D-45F7-4100-851C-1EEF7642E3F7}.Release|Any CPU.Build.0 = Release|Any CPU
		{76FCA56A-BFED-4110-83D5-E89AD182C25A}.Debug|Any CPU.ActiveCfg = Debug|Any CPU
		{76FCA56A-BFED-4110-83D5-E89AD182C25A}.Debug|Any CPU.Build.0 = Debug|Any CPU
		{76FCA56A-BFED-4110-83D5-E89AD182C25A}.Release|Any CPU.ActiveCfg = Release|Any CPU
		{76FCA56A-BFED-4110-83D5-E89AD182C25A}.Release|Any CPU.Build.0 = Release|Any CPU
		{79B0ED0E-5F55-4352-941C-7BA02434B568}.Debug|Any CPU.ActiveCfg = Debug|Any CPU
		{79B0ED0E-5F55-4352-941C-7BA02434B568}.Debug|Any CPU.Build.0 = Debug|Any CPU
		{79B0ED0E-5F55-4352-941C-7BA02434B568}.Release|Any CPU.ActiveCfg = Release|Any CPU
		{79B0ED0E-5F55-4352-941C-7BA02434B568}.Release|Any CPU.Build.0 = Release|Any CPU
		{06E7641A-8167-4018-83F4-3F355FDD6A0A}.Debug|Any CPU.ActiveCfg = Debug|Any CPU
		{06E7641A-8167-4018-83F4-3F355FDD6A0A}.Debug|Any CPU.Build.0 = Debug|Any CPU
		{06E7641A-8167-4018-83F4-3F355FDD6A0A}.Release|Any CPU.ActiveCfg = Release|Any CPU
		{06E7641A-8167-4018-83F4-3F355FDD6A0A}.Release|Any CPU.Build.0 = Release|Any CPU
		{27A68D6C-BD44-454E-A360-ABFD23741765}.Debug|Any CPU.ActiveCfg = Debug|Any CPU
		{27A68D6C-BD44-454E-A360-ABFD23741765}.Debug|Any CPU.Build.0 = Debug|Any CPU
		{27A68D6C-BD44-454E-A360-ABFD23741765}.Release|Any CPU.ActiveCfg = Release|Any CPU
		{27A68D6C-BD44-454E-A360-ABFD23741765}.Release|Any CPU.Build.0 = Release|Any CPU
		{DEE0BFBD-7493-4EC9-9034-48C7EBCE423C}.Debug|Any CPU.ActiveCfg = Debug|Any CPU
		{DEE0BFBD-7493-4EC9-9034-48C7EBCE423C}.Debug|Any CPU.Build.0 = Debug|Any CPU
		{DEE0BFBD-7493-4EC9-9034-48C7EBCE423C}.Release|Any CPU.ActiveCfg = Release|Any CPU
		{DEE0BFBD-7493-4EC9-9034-48C7EBCE423C}.Release|Any CPU.Build.0 = Release|Any CPU
		{3E4D8E36-50FA-4EE8-9788-F6FE46E6D2C9}.Debug|Any CPU.ActiveCfg = Debug|Any CPU
		{3E4D8E36-50FA-4EE8-9788-F6FE46E6D2C9}.Debug|Any CPU.Build.0 = Debug|Any CPU
		{3E4D8E36-50FA-4EE8-9788-F6FE46E6D2C9}.Release|Any CPU.ActiveCfg = Release|Any CPU
		{3E4D8E36-50FA-4EE8-9788-F6FE46E6D2C9}.Release|Any CPU.Build.0 = Release|Any CPU
		{D2174211-B7E5-4CE2-9CC0-8375D3776BA6}.Debug|Any CPU.ActiveCfg = Debug|Any CPU
		{D2174211-B7E5-4CE2-9CC0-8375D3776BA6}.Debug|Any CPU.Build.0 = Debug|Any CPU
		{D2174211-B7E5-4CE2-9CC0-8375D3776BA6}.Release|Any CPU.ActiveCfg = Release|Any CPU
		{D2174211-B7E5-4CE2-9CC0-8375D3776BA6}.Release|Any CPU.Build.0 = Release|Any CPU
		{A2D68DA3-537F-41FD-A797-7DB6667EADCB}.Debug|Any CPU.ActiveCfg = Debug|Any CPU
		{A2D68DA3-537F-41FD-A797-7DB6667EADCB}.Debug|Any CPU.Build.0 = Debug|Any CPU
		{A2D68DA3-537F-41FD-A797-7DB6667EADCB}.Release|Any CPU.ActiveCfg = Release|Any CPU
		{A2D68DA3-537F-41FD-A797-7DB6667EADCB}.Release|Any CPU.Build.0 = Release|Any CPU
		{BEBE8903-59AA-48DE-9A0B-F26FEBC36872}.Debug|Any CPU.ActiveCfg = Debug|Any CPU
		{BEBE8903-59AA-48DE-9A0B-F26FEBC36872}.Debug|Any CPU.Build.0 = Debug|Any CPU
		{BEBE8903-59AA-48DE-9A0B-F26FEBC36872}.Release|Any CPU.ActiveCfg = Release|Any CPU
		{BEBE8903-59AA-48DE-9A0B-F26FEBC36872}.Release|Any CPU.Build.0 = Release|Any CPU
	EndGlobalSection
	GlobalSection(SolutionProperties) = preSolution
		HideSolutionNode = FALSE
	EndGlobalSection
	GlobalSection(NestedProjects) = preSolution
		{9101F773-B120-4164-AE3B-2D6995DF7738} = {90134B27-EAA9-4BA3-90A4-38D95FBBA17D}
		{70756F4D-C48E-41C0-A2D8-0CEDE018EA3F} = {90134B27-EAA9-4BA3-90A4-38D95FBBA17D}
		{911B85A1-49AE-4739-8DA3-D486D04B3AF3} = {90134B27-EAA9-4BA3-90A4-38D95FBBA17D}
		{41EE667B-1879-4297-846B-A8ADA0222E0C} = {90134B27-EAA9-4BA3-90A4-38D95FBBA17D}
		{6D1E27E5-3E31-4376-A41C-3C3B636B605C} = {90134B27-EAA9-4BA3-90A4-38D95FBBA17D}
		{FED2B6D1-D9BA-46D2-B182-422FCDAFD712} = {207D9BE6-BBF6-4B91-BB8A-5405DB8905A5}
		{2CD0E916-CC95-445C-B093-068F916B70DE} = {207D9BE6-BBF6-4B91-BB8A-5405DB8905A5}
		{C96F3C57-6BF7-45B4-B54E-45BE62C6F532} = {207D9BE6-BBF6-4B91-BB8A-5405DB8905A5}
		{D28886A2-B243-48B2-A1CC-B33B1EA4D3FE} = {207D9BE6-BBF6-4B91-BB8A-5405DB8905A5}
		{8095AE5D-45F7-4100-851C-1EEF7642E3F7} = {207D9BE6-BBF6-4B91-BB8A-5405DB8905A5}
		{76FCA56A-BFED-4110-83D5-E89AD182C25A} = {62C4E3D9-F3F7-4189-BE44-50538EA3F0ED}
		{79B0ED0E-5F55-4352-941C-7BA02434B568} = {62C4E3D9-F3F7-4189-BE44-50538EA3F0ED}
		{06E7641A-8167-4018-83F4-3F355FDD6A0A} = {62C4E3D9-F3F7-4189-BE44-50538EA3F0ED}
		{27A68D6C-BD44-454E-A360-ABFD23741765} = {62C4E3D9-F3F7-4189-BE44-50538EA3F0ED}
		{DEE0BFBD-7493-4EC9-9034-48C7EBCE423C} = {ECBF2A85-7A23-45DB-82C0-3502D9DBF4A8}
		{3E4D8E36-50FA-4EE8-9788-F6FE46E6D2C9} = {ECBF2A85-7A23-45DB-82C0-3502D9DBF4A8}
		{D2174211-B7E5-4CE2-9CC0-8375D3776BA6} = {ECBF2A85-7A23-45DB-82C0-3502D9DBF4A8}
		{A2D68DA3-537F-41FD-A797-7DB6667EADCB} = {ECBF2A85-7A23-45DB-82C0-3502D9DBF4A8}
		{BEBE8903-59AA-48DE-9A0B-F26FEBC36872} = {34032DCC-4BFA-4071-8816-A32F3F54DBE7}
	EndGlobalSection
	GlobalSection(ExtensibilityGlobals) = postSolution
		SolutionGuid = {B094953F-403C-4958-8681-3B463F3836CA}
	EndGlobalSection
EndGlobal
